{
  "name": "3d_test",
  "version": "1.0.0",
  "lockfileVersion": 1,
  "requires": true,
  "dependencies": {
    "@types/gzip-js": {
      "version": "0.3.1",
      "resolved": "https://registry.npmjs.org/@types/gzip-js/-/gzip-js-0.3.1.tgz",
      "integrity": "sha512-1BFL1WGHW2oVYvtTVTbTGj5V4EAR5h5jR0+0hu55BU0wAb0V1g2oiplC0bYF0iqqw4SsgonQqZBqUGw7Riy//g==",
      "requires": {
        "@types/node": "*"
      }
    },
    "@types/node": {
      "version": "12.7.3",
      "resolved": "https://registry.npmjs.org/@types/node/-/node-12.7.3.tgz",
      "integrity": "sha512-3SiLAIBkDWDg6vFo0+5YJyHPWU9uwu40Qe+v+0MH8wRKYBimHvvAOyk3EzMrD/TrIlLYfXrqDqrg913PynrMJQ=="
    },
    "crc32": {
      "version": "0.2.2",
      "resolved": "https://registry.npmjs.org/crc32/-/crc32-0.2.2.tgz",
      "integrity": "sha1-etIg1v/c0Rn5/BJ6d3LKzqOQpLo="
    },
    "deflate-js": {
      "version": "0.2.3",
      "resolved": "https://registry.npmjs.org/deflate-js/-/deflate-js-0.2.3.tgz",
      "integrity": "sha1-+Fq7WOvFFRowYUdHPVfD5PfkQms="
    },
    "gzip-js": {
      "version": "0.3.2",
      "resolved": "https://registry.npmjs.org/gzip-js/-/gzip-js-0.3.2.tgz",
      "integrity": "sha1-IxF+/usozzhSSN7/Df+tiUg22Ws=",
      "requires": {
        "crc32": ">= 0.2.2",
        "deflate-js": ">= 0.2.2"
      }
    },
    "nbt-ts": {
      "version": "1.2.3",
      "resolved": "https://registry.npmjs.org/nbt-ts/-/nbt-ts-1.2.3.tgz",
      "integrity": "sha512-jjHojPOKiCCJ/XDA0PPHV18y1WWew7PJ4aivGNac5hkeXYdeAGTgojTGWP3eVX207Lvg6qmYUFkFIWrQAAuYkg=="
    },
    "three": {
      "version": "0.108.0",
      "resolved": "https://registry.npmjs.org/three/-/three-0.108.0.tgz",
      "integrity": "sha512-d1ysIXwi8qTlbmMwrTxi5pYiiYIflEr0e48krP0LAY8ndS8c6fkLHn6NvRT+o76/Fs9PBLxFViuI62iGVWwwlg=="
    },
    "typescript": {
      "version": "3.6.2",
      "resolved": "https://registry.npmjs.org/typescript/-/typescript-3.6.2.tgz",
      "integrity": "sha512-lmQ4L+J6mnu3xweP8+rOrUwzmN+MRAj7TgtJtDaXE5PMyX2kCrklhg3rvOsOIfNeAWMQWO2F1GPc1kMD2vLAfw==",
      "dev": true
    },
    "zlibt": {
      "version": "0.0.5",
      "resolved": "https://registry.npmjs.org/zlibt/-/zlibt-0.0.5.tgz",
      "integrity": "sha512-iqPF3jh1QKzJsjoq7ZJs75+8ub4TNSAm7evivfP7sS9G7PF1URHad4ruJZTZGj4i2Xew8oo4VDKFG5mUJuD0OQ=="
    }
  }
}
